<?xml version="1.0" encoding="utf-8"?>
<Project ToolsVersion="4.0" xmlns="http://schemas.microsoft.com/developer/msbuild/2003">
  <ItemGroup>
    <Filter Include="Source">
      <UniqueIdentifier>{28bcd807-1aa8-4343-817f-7856ec7b8e58}</UniqueIdentifier>
    </Filter>
  </ItemGroup>
  <ItemGroup>
    <ClCompile Include="UseTcpServer.cpp">
      <Filter>Source</Filter>
    </ClCompile>
  </ItemGroup>
</Project>