
Microsoft Visual Studio Solution File, Format Version 12.00
# Visual Studio Version 17
VisualStudioVersion = 17.8.34330.188
MinimumVisualStudioVersion = 10.0.40219.1
Project("{8BC9CEB8-8B4A-11D0-8D11-00A0C91BC942}") = "Forward.Core", "flcore\Forward.Core.vcxproj", "{E3BB5FD0-44BA-4A9F-A41D-00F9B38BA0D7}"
EndProject
Project("{8BC9CEB8-8B4A-11D0-8D11-00A0C91BC942}") = "Forward.Database", "fldb\Forward.Database.vcxproj", "{BB5B1EE3-F77A-446E-8F03-B0B3A02FDBF4}"
EndProject
Project("{8BC9CEB8-8B4A-11D0-8D11-00A0C91BC942}") = "Forward.Web", "flweb\Forward.Web.vcxproj", "{9946314B-C0E2-40E5-BC1D-F913A0FD55AB}"
	ProjectSection(ProjectDependencies) = postProject
		{E3BB5FD0-44BA-4A9F-A41D-00F9B38BA0D7} = {E3BB5FD0-44BA-4A9F-A41D-00F9B38BA0D7}
	EndProjectSection
EndProject
Project("{8BC9CEB8-8B4A-11D0-8D11-00A0C91BC942}") = "Forward.Net", "flnet\Forward.Net.vcxproj", "{03C130CE-FE53-4832-B9BE-6B95D9A9A0FD}"
EndProject
Project("{8BC9CEB8-8B4A-11D0-8D11-00A0C91BC942}") = "Forward.API", "flapi\Forward.API.vcxproj", "{FCB70178-2E7C-41C9-8B11-4103C8F78A8D}"
EndProject
Project("{2150E333-8FDC-42A3-9474-1A3956D46DE8}") = "Perfomance", "Perfomance", "{110C99A0-940F-41E3-95F9-03FF93E3429D}"
EndProject
Project("{2150E333-8FDC-42A3-9474-1A3956D46DE8}") = "Core", "Core", "{0538A7D4-CFF4-4A62-A0A2-AC04EEA10C70}"
EndProject
Project("{2150E333-8FDC-42A3-9474-1A3956D46DE8}") = "Examples", "Examples", "{12314AAF-CA12-440E-8C66-C8525709EB05}"
EndProject
Project("{8BC9CEB8-8B4A-11D0-8D11-00A0C91BC942}") = "Forward.Core.Bench", "flcore\bench\Forward.Core.Bench.vcxproj", "{509435D5-1C6A-4674-BD1B-A4FF5DE5365B}"
EndProject
Project("{8BC9CEB8-8B4A-11D0-8D11-00A0C91BC942}") = "Forward.Database.Bench", "fldb\bench\Forward.Database.Bench.vcxproj", "{F58BB354-0CE9-4F86-8226-780F4832B657}"
EndProject
Project("{8BC9CEB8-8B4A-11D0-8D11-00A0C91BC942}") = "Forward.Web.Bench", "flweb\bench\Forward.Web.Bench.vcxproj", "{CFF580BA-C07C-4EC7-96F1-D6D69AB72387}"
EndProject
Project("{8BC9CEB8-8B4A-11D0-8D11-00A0C91BC942}") = "Forward.Net.Bench", "flnet\bench\Forward.Net.Bench.vcxproj", "{2425341C-C74E-4CC0-912E-1FB091783965}"
EndProject
Project("{2150E333-8FDC-42A3-9474-1A3956D46DE8}") = "Tests", "Tests", "{23348EBC-5640-4584-96D4-58FCD7D81180}"
EndProject
Project("{8BC9CEB8-8B4A-11D0-8D11-00A0C91BC942}") = "Forward.Net.Test", "flnet\test\Forward.Net.Test.vcxproj", "{1D5E4EEC-5EB1-499F-B806-204BD0504018}"
EndProject
Project("{8BC9CEB8-8B4A-11D0-8D11-00A0C91BC942}") = "Forward.Web.Test", "flweb\test\Forward.Web.Test.vcxproj", "{FB74F109-021A-4B09-A00D-87C382B4CE0D}"
EndProject
Project("{8BC9CEB8-8B4A-11D0-8D11-00A0C91BC942}") = "Forward.Core.Test", "flcore\test\Forward.Core.Test.vcxproj", "{26BACA43-EDA7-4155-B110-72EBB628C653}"
EndProject
Project("{8BC9CEB8-8B4A-11D0-8D11-00A0C91BC942}") = "Forward.Database.Test", "fldb\test\Forward.Database.Test.vcxproj", "{24244B1F-2081-4363-86F0-4BBDC52B57CA}"
EndProject
Global
	GlobalSection(SolutionConfigurationPlatforms) = preSolution
		Debug|x64 = Debug|x64
		Debug|x86 = Debug|x86
		Release|x64 = Release|x64
		Release|x86 = Release|x86
	EndGlobalSection
	GlobalSection(ProjectConfigurationPlatforms) = postSolution
		{E3BB5FD0-44BA-4A9F-A41D-00F9B38BA0D7}.Debug|x64.ActiveCfg = Debug|x64
		{E3BB5FD0-44BA-4A9F-A41D-00F9B38BA0D7}.Debug|x64.Build.0 = Debug|x64
		{E3BB5FD0-44BA-4A9F-A41D-00F9B38BA0D7}.Debug|x86.ActiveCfg = Debug|Win32
		{E3BB5FD0-44BA-4A9F-A41D-00F9B38BA0D7}.Debug|x86.Build.0 = Debug|Win32
		{E3BB5FD0-44BA-4A9F-A41D-00F9B38BA0D7}.Release|x64.ActiveCfg = Release|x64
		{E3BB5FD0-44BA-4A9F-A41D-00F9B38BA0D7}.Release|x64.Build.0 = Release|x64
		{E3BB5FD0-44BA-4A9F-A41D-00F9B38BA0D7}.Release|x86.ActiveCfg = Release|Win32
		{E3BB5FD0-44BA-4A9F-A41D-00F9B38BA0D7}.Release|x86.Build.0 = Release|Win32
		{BB5B1EE3-F77A-446E-8F03-B0B3A02FDBF4}.Debug|x64.ActiveCfg = Debug|x64
		{BB5B1EE3-F77A-446E-8F03-B0B3A02FDBF4}.Debug|x64.Build.0 = Debug|x64
		{BB5B1EE3-F77A-446E-8F03-B0B3A02FDBF4}.Debug|x86.ActiveCfg = Debug|Win32
		{BB5B1EE3-F77A-446E-8F03-B0B3A02FDBF4}.Debug|x86.Build.0 = Debug|Win32
		{BB5B1EE3-F77A-446E-8F03-B0B3A02FDBF4}.Release|x64.ActiveCfg = Release|x64
		{BB5B1EE3-F77A-446E-8F03-B0B3A02FDBF4}.Release|x64.Build.0 = Release|x64
		{BB5B1EE3-F77A-446E-8F03-B0B3A02FDBF4}.Release|x86.ActiveCfg = Release|Win32
		{BB5B1EE3-F77A-446E-8F03-B0B3A02FDBF4}.Release|x86.Build.0 = Release|Win32
		{9946314B-C0E2-40E5-BC1D-F913A0FD55AB}.Debug|x64.ActiveCfg = Debug|x64
		{9946314B-C0E2-40E5-BC1D-F913A0FD55AB}.Debug|x64.Build.0 = Debug|x64
		{9946314B-C0E2-40E5-BC1D-F913A0FD55AB}.Debug|x86.ActiveCfg = Debug|Win32
		{9946314B-C0E2-40E5-BC1D-F913A0FD55AB}.Debug|x86.Build.0 = Debug|Win32
		{9946314B-C0E2-40E5-BC1D-F913A0FD55AB}.Release|x64.ActiveCfg = Release|x64
		{9946314B-C0E2-40E5-BC1D-F913A0FD55AB}.Release|x64.Build.0 = Release|x64
		{9946314B-C0E2-40E5-BC1D-F913A0FD55AB}.Release|x86.ActiveCfg = Release|Win32
		{9946314B-C0E2-40E5-BC1D-F913A0FD55AB}.Release|x86.Build.0 = Release|Win32
		{03C130CE-FE53-4832-B9BE-6B95D9A9A0FD}.Debug|x64.ActiveCfg = Debug|x64
		{03C130CE-FE53-4832-B9BE-6B95D9A9A0FD}.Debug|x64.Build.0 = Debug|x64
		{03C130CE-FE53-4832-B9BE-6B95D9A9A0FD}.Debug|x86.ActiveCfg = Debug|Win32
		{03C130CE-FE53-4832-B9BE-6B95D9A9A0FD}.Debug|x86.Build.0 = Debug|Win32
		{03C130CE-FE53-4832-B9BE-6B95D9A9A0FD}.Release|x64.ActiveCfg = Release|x64
		{03C130CE-FE53-4832-B9BE-6B95D9A9A0FD}.Release|x64.Build.0 = Release|x64
		{03C130CE-FE53-4832-B9BE-6B95D9A9A0FD}.Release|x86.ActiveCfg = Release|Win32
		{03C130CE-FE53-4832-B9BE-6B95D9A9A0FD}.Release|x86.Build.0 = Release|Win32
		{FCB70178-2E7C-41C9-8B11-4103C8F78A8D}.Debug|x64.ActiveCfg = Debug|x64
		{FCB70178-2E7C-41C9-8B11-4103C8F78A8D}.Debug|x64.Build.0 = Debug|x64
		{FCB70178-2E7C-41C9-8B11-4103C8F78A8D}.Debug|x86.ActiveCfg = Debug|Win32
		{FCB70178-2E7C-41C9-8B11-4103C8F78A8D}.Debug|x86.Build.0 = Debug|Win32
		{FCB70178-2E7C-41C9-8B11-4103C8F78A8D}.Release|x64.ActiveCfg = Release|x64
		{FCB70178-2E7C-41C9-8B11-4103C8F78A8D}.Release|x64.Build.0 = Release|x64
		{FCB70178-2E7C-41C9-8B11-4103C8F78A8D}.Release|x86.ActiveCfg = Release|Win32
		{FCB70178-2E7C-41C9-8B11-4103C8F78A8D}.Release|x86.Build.0 = Release|Win32
		{509435D5-1C6A-4674-BD1B-A4FF5DE5365B}.Debug|x64.ActiveCfg = Debug|x64
		{509435D5-1C6A-4674-BD1B-A4FF5DE5365B}.Debug|x64.Build.0 = Debug|x64
		{509435D5-1C6A-4674-BD1B-A4FF5DE5365B}.Debug|x86.ActiveCfg = Debug|Win32
		{509435D5-1C6A-4674-BD1B-A4FF5DE5365B}.Debug|x86.Build.0 = Debug|Win32
		{509435D5-1C6A-4674-BD1B-A4FF5DE5365B}.Release|x64.ActiveCfg = Release|x64
		{509435D5-1C6A-4674-BD1B-A4FF5DE5365B}.Release|x64.Build.0 = Release|x64
		{509435D5-1C6A-4674-BD1B-A4FF5DE5365B}.Release|x86.ActiveCfg = Release|Win32
		{509435D5-1C6A-4674-BD1B-A4FF5DE5365B}.Release|x86.Build.0 = Release|Win32
		{F58BB354-0CE9-4F86-8226-780F4832B657}.Debug|x64.ActiveCfg = Debug|x64
		{F58BB354-0CE9-4F86-8226-780F4832B657}.Debug|x64.Build.0 = Debug|x64
		{F58BB354-0CE9-4F86-8226-780F4832B657}.Debug|x86.ActiveCfg = Debug|Win32
		{F58BB354-0CE9-4F86-8226-780F4832B657}.Debug|x86.Build.0 = Debug|Win32
		{F58BB354-0CE9-4F86-8226-780F4832B657}.Release|x64.ActiveCfg = Release|x64
		{F58BB354-0CE9-4F86-8226-780F4832B657}.Release|x64.Build.0 = Release|x64
		{F58BB354-0CE9-4F86-8226-780F4832B657}.Release|x86.ActiveCfg = Release|Win32
		{F58BB354-0CE9-4F86-8226-780F4832B657}.Release|x86.Build.0 = Release|Win32
		{CFF580BA-C07C-4EC7-96F1-D6D69AB72387}.Debug|x64.ActiveCfg = Debug|x64
		{CFF580BA-C07C-4EC7-96F1-D6D69AB72387}.Debug|x64.Build.0 = Debug|x64
		{CFF580BA-C07C-4EC7-96F1-D6D69AB72387}.Debug|x86.ActiveCfg = Debug|Win32
		{CFF580BA-C07C-4EC7-96F1-D6D69AB72387}.Debug|x86.Build.0 = Debug|Win32
		{CFF580BA-C07C-4EC7-96F1-D6D69AB72387}.Release|x64.ActiveCfg = Release|x64
		{CFF580BA-C07C-4EC7-96F1-D6D69AB72387}.Release|x64.Build.0 = Release|x64
		{CFF580BA-C07C-4EC7-96F1-D6D69AB72387}.Release|x86.ActiveCfg = Release|Win32
		{CFF580BA-C07C-4EC7-96F1-D6D69AB72387}.Release|x86.Build.0 = Release|Win32
		{2425341C-C74E-4CC0-912E-1FB091783965}.Debug|x64.ActiveCfg = Debug|x64
		{2425341C-C74E-4CC0-912E-1FB091783965}.Debug|x64.Build.0 = Debug|x64
		{2425341C-C74E-4CC0-912E-1FB091783965}.Debug|x86.ActiveCfg = Debug|Win32
		{2425341C-C74E-4CC0-912E-1FB091783965}.Debug|x86.Build.0 = Debug|Win32
		{2425341C-C74E-4CC0-912E-1FB091783965}.Release|x64.ActiveCfg = Release|x64
		{2425341C-C74E-4CC0-912E-1FB091783965}.Release|x64.Build.0 = Release|x64
		{2425341C-C74E-4CC0-912E-1FB091783965}.Release|x86.ActiveCfg = Release|Win32
		{2425341C-C74E-4CC0-912E-1FB091783965}.Release|x86.Build.0 = Release|Win32
		{1D5E4EEC-5EB1-499F-B806-204BD0504018}.Debug|x64.ActiveCfg = Debug|x64
		{1D5E4EEC-5EB1-499F-B806-204BD0504018}.Debug|x64.Build.0 = Debug|x64
		{1D5E4EEC-5EB1-499F-B806-204BD0504018}.Debug|x86.ActiveCfg = Debug|Win32
		{1D5E4EEC-5EB1-499F-B806-204BD0504018}.Debug|x86.Build.0 = Debug|Win32
		{1D5E4EEC-5EB1-499F-B806-204BD0504018}.Release|x64.ActiveCfg = Release|x64
		{1D5E4EEC-5EB1-499F-B806-204BD0504018}.Release|x64.Build.0 = Release|x64
		{1D5E4EEC-5EB1-499F-B806-204BD0504018}.Release|x86.ActiveCfg = Release|Win32
		{1D5E4EEC-5EB1-499F-B806-204BD0504018}.Release|x86.Build.0 = Release|Win32
		{FB74F109-021A-4B09-A00D-87C382B4CE0D}.Debug|x64.ActiveCfg = Debug|x64
		{FB74F109-021A-4B09-A00D-87C382B4CE0D}.Debug|x64.Build.0 = Debug|x64
		{FB74F109-021A-4B09-A00D-87C382B4CE0D}.Debug|x86.ActiveCfg = Debug|Win32
		{FB74F109-021A-4B09-A00D-87C382B4CE0D}.Debug|x86.Build.0 = Debug|Win32
		{FB74F109-021A-4B09-A00D-87C382B4CE0D}.Release|x64.ActiveCfg = Release|x64
		{FB74F109-021A-4B09-A00D-87C382B4CE0D}.Release|x64.Build.0 = Release|x64
		{FB74F109-021A-4B09-A00D-87C382B4CE0D}.Release|x86.ActiveCfg = Release|Win32
		{FB74F109-021A-4B09-A00D-87C382B4CE0D}.Release|x86.Build.0 = Release|Win32
		{26BACA43-EDA7-4155-B110-72EBB628C653}.Debug|x64.ActiveCfg = Debug|x64
		{26BACA43-EDA7-4155-B110-72EBB628C653}.Debug|x64.Build.0 = Debug|x64
		{26BACA43-EDA7-4155-B110-72EBB628C653}.Debug|x86.ActiveCfg = Debug|Win32
		{26BACA43-EDA7-4155-B110-72EBB628C653}.Debug|x86.Build.0 = Debug|Win32
		{26BACA43-EDA7-4155-B110-72EBB628C653}.Release|x64.ActiveCfg = Release|x64
		{26BACA43-EDA7-4155-B110-72EBB628C653}.Release|x64.Build.0 = Release|x64
		{26BACA43-EDA7-4155-B110-72EBB628C653}.Release|x86.ActiveCfg = Release|Win32
		{26BACA43-EDA7-4155-B110-72EBB628C653}.Release|x86.Build.0 = Release|Win32
		{24244B1F-2081-4363-86F0-4BBDC52B57CA}.Debug|x64.ActiveCfg = Debug|x64
		{24244B1F-2081-4363-86F0-4BBDC52B57CA}.Debug|x64.Build.0 = Debug|x64
		{24244B1F-2081-4363-86F0-4BBDC52B57CA}.Debug|x86.ActiveCfg = Debug|Win32
		{24244B1F-2081-4363-86F0-4BBDC52B57CA}.Debug|x86.Build.0 = Debug|Win32
		{24244B1F-2081-4363-86F0-4BBDC52B57CA}.Release|x64.ActiveCfg = Release|x64
		{24244B1F-2081-4363-86F0-4BBDC52B57CA}.Release|x64.Build.0 = Release|x64
		{24244B1F-2081-4363-86F0-4BBDC52B57CA}.Release|x86.ActiveCfg = Release|Win32
		{24244B1F-2081-4363-86F0-4BBDC52B57CA}.Release|x86.Build.0 = Release|Win32
	EndGlobalSection
	GlobalSection(SolutionProperties) = preSolution
		HideSolutionNode = FALSE
	EndGlobalSection
	GlobalSection(NestedProjects) = preSolution
		{E3BB5FD0-44BA-4A9F-A41D-00F9B38BA0D7} = {0538A7D4-CFF4-4A62-A0A2-AC04EEA10C70}
		{BB5B1EE3-F77A-446E-8F03-B0B3A02FDBF4} = {0538A7D4-CFF4-4A62-A0A2-AC04EEA10C70}
		{9946314B-C0E2-40E5-BC1D-F913A0FD55AB} = {0538A7D4-CFF4-4A62-A0A2-AC04EEA10C70}
		{03C130CE-FE53-4832-B9BE-6B95D9A9A0FD} = {0538A7D4-CFF4-4A62-A0A2-AC04EEA10C70}
		{FCB70178-2E7C-41C9-8B11-4103C8F78A8D} = {0538A7D4-CFF4-4A62-A0A2-AC04EEA10C70}
		{509435D5-1C6A-4674-BD1B-A4FF5DE5365B} = {110C99A0-940F-41E3-95F9-03FF93E3429D}
		{F58BB354-0CE9-4F86-8226-780F4832B657} = {110C99A0-940F-41E3-95F9-03FF93E3429D}
		{CFF580BA-C07C-4EC7-96F1-D6D69AB72387} = {110C99A0-940F-41E3-95F9-03FF93E3429D}
		{2425341C-C74E-4CC0-912E-1FB091783965} = {110C99A0-940F-41E3-95F9-03FF93E3429D}
		{1D5E4EEC-5EB1-499F-B806-204BD0504018} = {23348EBC-5640-4584-96D4-58FCD7D81180}
		{FB74F109-021A-4B09-A00D-87C382B4CE0D} = {23348EBC-5640-4584-96D4-58FCD7D81180}
		{26BACA43-EDA7-4155-B110-72EBB628C653} = {23348EBC-5640-4584-96D4-58FCD7D81180}
		{24244B1F-2081-4363-86F0-4BBDC52B57CA} = {23348EBC-5640-4584-96D4-58FCD7D81180}
	EndGlobalSection
	GlobalSection(ExtensibilityGlobals) = postSolution
		SolutionGuid = {906FE7B0-797C-46B3-9EF5-F47AF79506B2}
	EndGlobalSection
EndGlobal
