<?xml version="1.0" encoding="utf-8"?>
<Project ToolsVersion="4.0" xmlns="http://schemas.microsoft.com/developer/msbuild/2003">
  <ItemGroup>
    <Filter Include="Header">
      <UniqueIdentifier>{93995380-89BD-4b04-88EB-625FBE52EBFB}</UniqueIdentifier>
      <Extensions>h;hh;hpp;hxx;h++;hm;inl;inc;ipp;xsd</Extensions>
    </Filter>
    <Filter Include="Source">
      <UniqueIdentifier>{4FC737F1-C7A5-4376-A066-2A32D752A2FF}</UniqueIdentifier>
      <Extensions>cpp;c;cc;cxx;c++;cppm;ixx;def;odl;idl;hpj;bat;asm;asmx</Extensions>
    </Filter>
  </ItemGroup>
  <ItemGroup>
    <ClInclude Include="fl\core\TypedArg.hpp">
      <Filter>Header</Filter>
    </ClInclude>
    <ClInclude Include="fl\core\DateTime.hpp">
      <Filter>Header</Filter>
    </ClInclude>
    <ClInclude Include="fl\core\Exception.hpp">
      <Filter>Header</Filter>
    </ClInclude>
    <ClInclude Include="fl\core\Flags.hpp">
      <Filter>Header</Filter>
    </ClInclude>
    <ClInclude Include="fl\core\Log.hpp">
      <Filter>Header</Filter>
    </ClInclude>
    <ClInclude Include="fl\core\Logger.hpp">
      <Filter>Header</Filter>
    </ClInclude>
    <ClInclude Include="fl\core\LoggerStream.hpp">
      <Filter>Header</Filter>
    </ClInclude>
    <ClInclude Include="fl\core\Memory.hpp">
      <Filter>Header</Filter>
    </ClInclude>
    <ClInclude Include="fl\core\MimeType.hpp">
      <Filter>Header</Filter>
    </ClInclude>
    <ClInclude Include="fl\core\StringArg.hpp">
      <Filter>Header</Filter>
    </ClInclude>
    <ClInclude Include="fl\core\StringArgParser.hpp">
      <Filter>Header</Filter>
    </ClInclude>
    <ClInclude Include="fl\core\StringBuilder.hpp">
      <Filter>Header</Filter>
    </ClInclude>
    <ClInclude Include="fl\core\Timer.hpp">
      <Filter>Header</Filter>
    </ClInclude>
  </ItemGroup>
  <ItemGroup>
    <ClCompile Include="fl\core\DateTime.cpp">
      <Filter>Source</Filter>
    </ClCompile>
    <ClCompile Include="fl\core\Exception.cpp">
      <Filter>Source</Filter>
    </ClCompile>
    <ClCompile Include="fl\core\Log.cpp">
      <Filter>Source</Filter>
    </ClCompile>
    <ClCompile Include="fl\core\Logger.cpp">
      <Filter>Source</Filter>
    </ClCompile>
    <ClCompile Include="fl\core\LoggerStream.cpp">
      <Filter>Source</Filter>
    </ClCompile>
    <ClCompile Include="fl\core\MimeType.cpp">
      <Filter>Source</Filter>
    </ClCompile>
    <ClCompile Include="fl\core\StringArgParser.cpp">
      <Filter>Source</Filter>
    </ClCompile>
    <ClCompile Include="fl\core\StringBuilder.cpp">
      <Filter>Source</Filter>
    </ClCompile>
    <ClCompile Include="fl\core\TypedArg.cpp">
      <Filter>Source</Filter>
    </ClCompile>
  </ItemGroup>
</Project>