<?xml version="1.0" encoding="utf-8"?>
<Project ToolsVersion="4.0" xmlns="http://schemas.microsoft.com/developer/msbuild/2003">
  <ItemGroup>
    <Filter Include="Headers">
      <UniqueIdentifier>{93995380-89BD-4b04-88EB-625FBE52EBFB}</UniqueIdentifier>
      <Extensions>h;hh;hpp;hxx;h++;hm;inl;inc;ipp;xsd</Extensions>
    </Filter>
    <Filter Include="Source">
      <UniqueIdentifier>{4FC737F1-C7A5-4376-A066-2A32D752A2FF}</UniqueIdentifier>
      <Extensions>cpp;c;cc;cxx;c++;cppm;ixx;def;odl;idl;hpj;bat;asm;asmx</Extensions>
    </Filter>
  </ItemGroup>
  <ItemGroup>
    <ClInclude Include="fl\web\WebFileSystem.hpp">
      <Filter>Headers</Filter>
    </ClInclude>
    <ClInclude Include="fl\web\Core.hpp">
      <Filter>Headers</Filter>
    </ClInclude>
    <ClInclude Include="fl\web\HttpClient.hpp">
      <Filter>Headers</Filter>
    </ClInclude>
    <ClInclude Include="fl\web\HttpQuery.hpp">
      <Filter>Headers</Filter>
    </ClInclude>
    <ClInclude Include="fl\web\HttpRequest.hpp">
      <Filter>Headers</Filter>
    </ClInclude>
    <ClInclude Include="fl\web\HttpResponder.hpp">
      <Filter>Headers</Filter>
    </ClInclude>
    <ClInclude Include="fl\web\HttpResponse.hpp">
      <Filter>Headers</Filter>
    </ClInclude>
    <ClInclude Include="fl\web\HttpRouter.hpp">
      <Filter>Headers</Filter>
    </ClInclude>
    <ClInclude Include="fl\web\HttpServer.hpp">
      <Filter>Headers</Filter>
    </ClInclude>
    <ClInclude Include="fl\web\HttpSession.hpp">
      <Filter>Headers</Filter>
    </ClInclude>
    <ClInclude Include="fl\web\HttpUrl.hpp">
      <Filter>Headers</Filter>
    </ClInclude>
  </ItemGroup>
  <ItemGroup>
    <ClCompile Include="fl\web\HttpClient.cpp">
      <Filter>Source</Filter>
    </ClCompile>
    <ClCompile Include="fl\web\HttpQuery.cpp">
      <Filter>Source</Filter>
    </ClCompile>
    <ClCompile Include="fl\web\HttpResponder.cpp">
      <Filter>Source</Filter>
    </ClCompile>
    <ClCompile Include="fl\web\HttpRouter.cpp">
      <Filter>Source</Filter>
    </ClCompile>
    <ClCompile Include="fl\web\HttpServer.cpp">
      <Filter>Source</Filter>
    </ClCompile>
    <ClCompile Include="fl\web\HttpSession.cpp">
      <Filter>Source</Filter>
    </ClCompile>
    <ClCompile Include="fl\web\HttpUrl.cpp">
      <Filter>Source</Filter>
    </ClCompile>
    <ClCompile Include="fl\web\WebFileSystem.cpp">
      <Filter>Source</Filter>
    </ClCompile>
  </ItemGroup>
</Project>