<?xml version="1.0" encoding="utf-8"?>
<Project ToolsVersion="4.0" xmlns="http://schemas.microsoft.com/developer/msbuild/2003">
  <ItemGroup>
    <Filter Include="Source">
      <UniqueIdentifier>{f6c9c773-0cf6-47a9-b275-9307d71cfc39}</UniqueIdentifier>
    </Filter>
  </ItemGroup>
  <ItemGroup>
    <ClCompile Include="UseDBConnection.cpp">
      <Filter>Source</Filter>
    </ClCompile>
  </ItemGroup>
</Project>